
Microsoft Visual Studio Solution File, Format Version 12.00
# Visual Studio Version 16
VisualStudioVersion = 16.0.31424.327
MinimumVisualStudioVersion = 10.0.40219.1
Project("{2150E333-8FDC-42A3-9474-1A3956D46DE8}") = "Tests", "Tests", "{B7027C3F-ECBB-42CB-928F-F982832F9869}"
EndProject
Project("{9A19103F-16F7-4668-BE54-9A1E7A4F7556}") = "SOHCarModel", "SOHCarModel\SOHCarModel.csproj", "{2FD35965-5699-4313-A64C-43D4453DB0F5}"
EndProject
Project("{9A19103F-16F7-4668-BE54-9A1E7A4F7556}") = "SOHMultimodalModel", "SOHMultimodalModel\SOHMultimodalModel.csproj", "{DBFCD2EE-E5AA-4C6A-B85F-10AFE0B0B580}"
EndProject
Project("{9A19103F-16F7-4668-BE54-9A1E7A4F7556}") = "SOHBicycleModel", "SOHBicycleModel\SOHBicycleModel.csproj", "{BACB36C9-5F00-47A4-934F-7319CEF4D2F2}"
EndProject
Project("{9A19103F-16F7-4668-BE54-9A1E7A4F7556}") = "SOHDomain", "SOHDomain\SOHDomain.csproj", "{0A87A9A5-9D9E-44A7-95EC-02C9FD594BF6}"
EndProject
Project("{9A19103F-16F7-4668-BE54-9A1E7A4F7556}") = "SOHTests", "SOHTests\SOHTests.csproj", "{2E94544B-C35C-4988-B7CF-E1A1FF2EADF4}"
EndProject
Project("{9A19103F-16F7-4668-BE54-9A1E7A4F7556}") = "SOHCitizenDailyPlanBox", "Scenarios\SOHCitizenDailyPlanBox\SOHCitizenDailyPlanBox.csproj", "{B8ACA957-A67A-4C3D-BF74-1F09D0B123EB}"
EndProject
Project("{9A19103F-16F7-4668-BE54-9A1E7A4F7556}") = "SOHGreen4BikesBox", "Scenarios\SOHGreen4BikesBox\SOHGreen4BikesBox.csproj", "{08D734A6-E190-4E2D-BE30-6A1C1D168B8A}"
EndProject
Project("{9A19103F-16F7-4668-BE54-9A1E7A4F7556}") = "SOHFerryModel", "SOHFerryModel\SOHFerryModel.csproj", "{5EFD60B0-74FA-4C90-9888-691FFA29940C}"
EndProject
Project("{9A19103F-16F7-4668-BE54-9A1E7A4F7556}") = "SOHFerryTransferBox", "Scenarios\SOHFerryTransferBox\SOHFerryTransferBox.csproj", "{6930303F-C8BB-4F38-B697-CA5C20A79D1B}"
EndProject
Project("{9A19103F-16F7-4668-BE54-9A1E7A4F7556}") = "SOHBicycleRealTimeBox", "Scenarios\SOHBicycleRealTimeBox\SOHBicycleRealTimeBox.csproj", "{B6CE194F-5D32-4628-8A50-B566E8880207}"
EndProject
Project("{2150E333-8FDC-42A3-9474-1A3956D46DE8}") = "Scenarios", "Scenarios", "{EEF1A345-88E8-4E13-AD17-E760BA7DEB6A}"
EndProject
Project("{9A19103F-16F7-4668-BE54-9A1E7A4F7556}") = "SOHTravellingBox", "Scenarios\SOHTravellingBox\SOHTravellingBox.csproj", "{893CF98D-6849-43B9-8E29-08C7427D4B0D}"
EndProject
Project("{FAE04EC0-301F-11D3-BF4B-00C04F79EFBC}") = "SOHTrainModel", "SOHTrainModel\SOHTrainModel.csproj", "{F30CE0A4-B50C-48C5-B8EC-F8FB9D66B490}"
EndProject
Project("{FAE04EC0-301F-11D3-BF4B-00C04F79EFBC}") = "SOHPublicTransportBox", "Scenarios\SOHPublicTransportBox\SOHPublicTransportBox.csproj", "{3A14984A-AB2A-462B-805E-D45F0079FEB3}"
EndProject
Project("{FAE04EC0-301F-11D3-BF4B-00C04F79EFBC}") = "SOHBusModel", "SOHBusModel\SOHBusModel.csproj", "{CB7ABEAC-AB81-45B4-94EA-57EC70D7982E}"
EndProject
Project("{FAE04EC0-301F-11D3-BF4B-00C04F79EFBC}") = "SOHTrainBox", "Scenarios\SOHTrainBox\SOHTrainBox.csproj", "{45EA77AD-7645-4543-B860-436FED93D671}"
EndProject
Project("{FAE04EC0-301F-11D3-BF4B-00C04F79EFBC}") = "SOHBusBox", "Scenarios\SOHBusBox\SOHBusBox.csproj", "{C329C398-2492-4272-AF86-2C350DD3BEC1}"
EndProject
Global
	GlobalSection(SolutionConfigurationPlatforms) = preSolution
		Debug|Any CPU = Debug|Any CPU
		Full|Any CPU = Full|Any CPU
		Release|Any CPU = Release|Any CPU
	EndGlobalSection
	GlobalSection(ProjectConfigurationPlatforms) = postSolution
		{2FD35965-5699-4313-A64C-43D4453DB0F5}.Debug|Any CPU.ActiveCfg = Debug|Any CPU
		{2FD35965-5699-4313-A64C-43D4453DB0F5}.Debug|Any CPU.Build.0 = Debug|Any CPU
		{2FD35965-5699-4313-A64C-43D4453DB0F5}.Full|Any CPU.ActiveCfg = Debug|Any CPU
		{2FD35965-5699-4313-A64C-43D4453DB0F5}.Full|Any CPU.Build.0 = Debug|Any CPU
		{2FD35965-5699-4313-A64C-43D4453DB0F5}.Release|Any CPU.ActiveCfg = Release|Any CPU
		{2FD35965-5699-4313-A64C-43D4453DB0F5}.Release|Any CPU.Build.0 = Release|Any CPU
		{DBFCD2EE-E5AA-4C6A-B85F-10AFE0B0B580}.Debug|Any CPU.ActiveCfg = Debug|Any CPU
		{DBFCD2EE-E5AA-4C6A-B85F-10AFE0B0B580}.Debug|Any CPU.Build.0 = Debug|Any CPU
		{DBFCD2EE-E5AA-4C6A-B85F-10AFE0B0B580}.Full|Any CPU.ActiveCfg = Debug|Any CPU
		{DBFCD2EE-E5AA-4C6A-B85F-10AFE0B0B580}.Full|Any CPU.Build.0 = Debug|Any CPU
		{DBFCD2EE-E5AA-4C6A-B85F-10AFE0B0B580}.Release|Any CPU.ActiveCfg = Release|Any CPU
		{DBFCD2EE-E5AA-4C6A-B85F-10AFE0B0B580}.Release|Any CPU.Build.0 = Release|Any CPU
		{BACB36C9-5F00-47A4-934F-7319CEF4D2F2}.Debug|Any CPU.ActiveCfg = Debug|Any CPU
		{BACB36C9-5F00-47A4-934F-7319CEF4D2F2}.Debug|Any CPU.Build.0 = Debug|Any CPU
		{BACB36C9-5F00-47A4-934F-7319CEF4D2F2}.Full|Any CPU.ActiveCfg = Debug|Any CPU
		{BACB36C9-5F00-47A4-934F-7319CEF4D2F2}.Full|Any CPU.Build.0 = Debug|Any CPU
		{BACB36C9-5F00-47A4-934F-7319CEF4D2F2}.Release|Any CPU.ActiveCfg = Release|Any CPU
		{BACB36C9-5F00-47A4-934F-7319CEF4D2F2}.Release|Any CPU.Build.0 = Release|Any CPU
		{0A87A9A5-9D9E-44A7-95EC-02C9FD594BF6}.Debug|Any CPU.ActiveCfg = Debug|Any CPU
		{0A87A9A5-9D9E-44A7-95EC-02C9FD594BF6}.Debug|Any CPU.Build.0 = Debug|Any CPU
		{0A87A9A5-9D9E-44A7-95EC-02C9FD594BF6}.Full|Any CPU.ActiveCfg = Debug|Any CPU
		{0A87A9A5-9D9E-44A7-95EC-02C9FD594BF6}.Full|Any CPU.Build.0 = Debug|Any CPU
		{0A87A9A5-9D9E-44A7-95EC-02C9FD594BF6}.Release|Any CPU.ActiveCfg = Release|Any CPU
		{0A87A9A5-9D9E-44A7-95EC-02C9FD594BF6}.Release|Any CPU.Build.0 = Release|Any CPU
		{2E94544B-C35C-4988-B7CF-E1A1FF2EADF4}.Debug|Any CPU.ActiveCfg = Debug|Any CPU
		{2E94544B-C35C-4988-B7CF-E1A1FF2EADF4}.Debug|Any CPU.Build.0 = Debug|Any CPU
		{2E94544B-C35C-4988-B7CF-E1A1FF2EADF4}.Full|Any CPU.ActiveCfg = Debug|Any CPU
		{2E94544B-C35C-4988-B7CF-E1A1FF2EADF4}.Full|Any CPU.Build.0 = Debug|Any CPU
		{2E94544B-C35C-4988-B7CF-E1A1FF2EADF4}.Release|Any CPU.ActiveCfg = Release|Any CPU
		{2E94544B-C35C-4988-B7CF-E1A1FF2EADF4}.Release|Any CPU.Build.0 = Release|Any CPU
		{B8ACA957-A67A-4C3D-BF74-1F09D0B123EB}.Debug|Any CPU.ActiveCfg = Debug|Any CPU
		{B8ACA957-A67A-4C3D-BF74-1F09D0B123EB}.Debug|Any CPU.Build.0 = Debug|Any CPU
		{B8ACA957-A67A-4C3D-BF74-1F09D0B123EB}.Full|Any CPU.ActiveCfg = Debug|Any CPU
		{B8ACA957-A67A-4C3D-BF74-1F09D0B123EB}.Full|Any CPU.Build.0 = Debug|Any CPU
		{B8ACA957-A67A-4C3D-BF74-1F09D0B123EB}.Release|Any CPU.ActiveCfg = Release|Any CPU
		{B8ACA957-A67A-4C3D-BF74-1F09D0B123EB}.Release|Any CPU.Build.0 = Release|Any CPU
		{08D734A6-E190-4E2D-BE30-6A1C1D168B8A}.Debug|Any CPU.ActiveCfg = Debug|Any CPU
		{08D734A6-E190-4E2D-BE30-6A1C1D168B8A}.Debug|Any CPU.Build.0 = Debug|Any CPU
		{08D734A6-E190-4E2D-BE30-6A1C1D168B8A}.Full|Any CPU.ActiveCfg = Debug|Any CPU
		{08D734A6-E190-4E2D-BE30-6A1C1D168B8A}.Full|Any CPU.Build.0 = Debug|Any CPU
		{08D734A6-E190-4E2D-BE30-6A1C1D168B8A}.Release|Any CPU.ActiveCfg = Release|Any CPU
		{08D734A6-E190-4E2D-BE30-6A1C1D168B8A}.Release|Any CPU.Build.0 = Release|Any CPU
		{5EFD60B0-74FA-4C90-9888-691FFA29940C}.Debug|Any CPU.ActiveCfg = Debug|Any CPU
		{5EFD60B0-74FA-4C90-9888-691FFA29940C}.Debug|Any CPU.Build.0 = Debug|Any CPU
		{5EFD60B0-74FA-4C90-9888-691FFA29940C}.Full|Any CPU.ActiveCfg = Debug|Any CPU
		{5EFD60B0-74FA-4C90-9888-691FFA29940C}.Full|Any CPU.Build.0 = Debug|Any CPU
		{5EFD60B0-74FA-4C90-9888-691FFA29940C}.Release|Any CPU.ActiveCfg = Release|Any CPU
		{5EFD60B0-74FA-4C90-9888-691FFA29940C}.Release|Any CPU.Build.0 = Release|Any CPU
		{6930303F-C8BB-4F38-B697-CA5C20A79D1B}.Debug|Any CPU.ActiveCfg = Debug|Any CPU
		{6930303F-C8BB-4F38-B697-CA5C20A79D1B}.Debug|Any CPU.Build.0 = Debug|Any CPU
		{6930303F-C8BB-4F38-B697-CA5C20A79D1B}.Full|Any CPU.ActiveCfg = Debug|Any CPU
		{6930303F-C8BB-4F38-B697-CA5C20A79D1B}.Full|Any CPU.Build.0 = Debug|Any CPU
		{6930303F-C8BB-4F38-B697-CA5C20A79D1B}.Release|Any CPU.ActiveCfg = Release|Any CPU
		{6930303F-C8BB-4F38-B697-CA5C20A79D1B}.Release|Any CPU.Build.0 = Release|Any CPU
		{B6CE194F-5D32-4628-8A50-B566E8880207}.Debug|Any CPU.ActiveCfg = Debug|Any CPU
		{B6CE194F-5D32-4628-8A50-B566E8880207}.Debug|Any CPU.Build.0 = Debug|Any CPU
		{B6CE194F-5D32-4628-8A50-B566E8880207}.Full|Any CPU.ActiveCfg = Debug|Any CPU
		{B6CE194F-5D32-4628-8A50-B566E8880207}.Full|Any CPU.Build.0 = Debug|Any CPU
		{B6CE194F-5D32-4628-8A50-B566E8880207}.Release|Any CPU.ActiveCfg = Release|Any CPU
		{B6CE194F-5D32-4628-8A50-B566E8880207}.Release|Any CPU.Build.0 = Release|Any CPU
		{893CF98D-6849-43B9-8E29-08C7427D4B0D}.Debug|Any CPU.ActiveCfg = Debug|Any CPU
		{893CF98D-6849-43B9-8E29-08C7427D4B0D}.Debug|Any CPU.Build.0 = Debug|Any CPU
		{893CF98D-6849-43B9-8E29-08C7427D4B0D}.Full|Any CPU.ActiveCfg = Debug|Any CPU
		{893CF98D-6849-43B9-8E29-08C7427D4B0D}.Full|Any CPU.Build.0 = Debug|Any CPU
		{893CF98D-6849-43B9-8E29-08C7427D4B0D}.Release|Any CPU.ActiveCfg = Release|Any CPU
		{893CF98D-6849-43B9-8E29-08C7427D4B0D}.Release|Any CPU.Build.0 = Release|Any CPU
		{F30CE0A4-B50C-48C5-B8EC-F8FB9D66B490}.Debug|Any CPU.ActiveCfg = Debug|Any CPU
		{F30CE0A4-B50C-48C5-B8EC-F8FB9D66B490}.Debug|Any CPU.Build.0 = Debug|Any CPU
		{F30CE0A4-B50C-48C5-B8EC-F8FB9D66B490}.Full|Any CPU.ActiveCfg = Debug|Any CPU
		{F30CE0A4-B50C-48C5-B8EC-F8FB9D66B490}.Full|Any CPU.Build.0 = Debug|Any CPU
		{F30CE0A4-B50C-48C5-B8EC-F8FB9D66B490}.Release|Any CPU.ActiveCfg = Release|Any CPU
		{F30CE0A4-B50C-48C5-B8EC-F8FB9D66B490}.Release|Any CPU.Build.0 = Release|Any CPU
		{3A14984A-AB2A-462B-805E-D45F0079FEB3}.Debug|Any CPU.ActiveCfg = Debug|Any CPU
		{3A14984A-AB2A-462B-805E-D45F0079FEB3}.Debug|Any CPU.Build.0 = Debug|Any CPU
		{3A14984A-AB2A-462B-805E-D45F0079FEB3}.Full|Any CPU.ActiveCfg = Debug|Any CPU
		{3A14984A-AB2A-462B-805E-D45F0079FEB3}.Full|Any CPU.Build.0 = Debug|Any CPU
		{3A14984A-AB2A-462B-805E-D45F0079FEB3}.Release|Any CPU.ActiveCfg = Release|Any CPU
		{3A14984A-AB2A-462B-805E-D45F0079FEB3}.Release|Any CPU.Build.0 = Release|Any CPU
		{CB7ABEAC-AB81-45B4-94EA-57EC70D7982E}.Debug|Any CPU.ActiveCfg = Debug|Any CPU
		{CB7ABEAC-AB81-45B4-94EA-57EC70D7982E}.Debug|Any CPU.Build.0 = Debug|Any CPU
		{CB7ABEAC-AB81-45B4-94EA-57EC70D7982E}.Full|Any CPU.ActiveCfg = Debug|Any CPU
		{CB7ABEAC-AB81-45B4-94EA-57EC70D7982E}.Full|Any CPU.Build.0 = Debug|Any CPU
		{CB7ABEAC-AB81-45B4-94EA-57EC70D7982E}.Release|Any CPU.ActiveCfg = Release|Any CPU
		{CB7ABEAC-AB81-45B4-94EA-57EC70D7982E}.Release|Any CPU.Build.0 = Release|Any CPU
		{45EA77AD-7645-4543-B860-436FED93D671}.Debug|Any CPU.ActiveCfg = Debug|Any CPU
		{45EA77AD-7645-4543-B860-436FED93D671}.Debug|Any CPU.Build.0 = Debug|Any CPU
		{45EA77AD-7645-4543-B860-436FED93D671}.Full|Any CPU.ActiveCfg = Debug|Any CPU
		{45EA77AD-7645-4543-B860-436FED93D671}.Full|Any CPU.Build.0 = Debug|Any CPU
		{45EA77AD-7645-4543-B860-436FED93D671}.Release|Any CPU.ActiveCfg = Release|Any CPU
		{45EA77AD-7645-4543-B860-436FED93D671}.Release|Any CPU.Build.0 = Release|Any CPU
		{C329C398-2492-4272-AF86-2C350DD3BEC1}.Debug|Any CPU.ActiveCfg = Debug|Any CPU
		{C329C398-2492-4272-AF86-2C350DD3BEC1}.Debug|Any CPU.Build.0 = Debug|Any CPU
		{C329C398-2492-4272-AF86-2C350DD3BEC1}.Full|Any CPU.ActiveCfg = Debug|Any CPU
		{C329C398-2492-4272-AF86-2C350DD3BEC1}.Full|Any CPU.Build.0 = Debug|Any CPU
		{C329C398-2492-4272-AF86-2C350DD3BEC1}.Release|Any CPU.ActiveCfg = Release|Any CPU
		{C329C398-2492-4272-AF86-2C350DD3BEC1}.Release|Any CPU.Build.0 = Release|Any CPU
	EndGlobalSection
	GlobalSection(SolutionProperties) = preSolution
		HideSolutionNode = FALSE
	EndGlobalSection
	GlobalSection(NestedProjects) = preSolution
		{2E94544B-C35C-4988-B7CF-E1A1FF2EADF4} = {B7027C3F-ECBB-42CB-928F-F982832F9869}
		{B8ACA957-A67A-4C3D-BF74-1F09D0B123EB} = {EEF1A345-88E8-4E13-AD17-E760BA7DEB6A}
		{08D734A6-E190-4E2D-BE30-6A1C1D168B8A} = {EEF1A345-88E8-4E13-AD17-E760BA7DEB6A}
		{6930303F-C8BB-4F38-B697-CA5C20A79D1B} = {EEF1A345-88E8-4E13-AD17-E760BA7DEB6A}
		{B6CE194F-5D32-4628-8A50-B566E8880207} = {EEF1A345-88E8-4E13-AD17-E760BA7DEB6A}
		{893CF98D-6849-43B9-8E29-08C7427D4B0D} = {EEF1A345-88E8-4E13-AD17-E760BA7DEB6A}
		{3A14984A-AB2A-462B-805E-D45F0079FEB3} = {EEF1A345-88E8-4E13-AD17-E760BA7DEB6A}
		{45EA77AD-7645-4543-B860-436FED93D671} = {EEF1A345-88E8-4E13-AD17-E760BA7DEB6A}
		{C329C398-2492-4272-AF86-2C350DD3BEC1} = {EEF1A345-88E8-4E13-AD17-E760BA7DEB6A}
	EndGlobalSection
	GlobalSection(ExtensibilityGlobals) = postSolution
		SolutionGuid = {C4F712B8-6C5C-4036-87BE-AFF59ACFC99C}
	EndGlobalSection
EndGlobal
