
Microsoft Visual Studio Solution File, Format Version 12.00
# Visual Studio Version 16
VisualStudioVersion = 16.0.31424.327
MinimumVisualStudioVersion = 10.0.40219.1
Project("{2150E333-8FDC-42A3-9474-1A3956D46DE8}") = "Tests", "Tests", "{B7027C3F-ECBB-42CB-928F-F982832F9869}"
EndProject
Project("{9A19103F-16F7-4668-BE54-9A1E7A4F7556}") = "SOHTests", "SOHTests\SOHTests.csproj", "{2E94544B-C35C-4988-B7CF-E1A1FF2EADF4}"
EndProject
Project("{FAE04EC0-301F-11D3-BF4B-00C04F79EFBC}") = "SOHModel", "SOHModel\SOHModel.csproj", "{FA4F5EE2-FA7E-4974-9853-7207DF8F046E}"
EndProject
Project("{FAE04EC0-301F-11D3-BF4B-00C04F79EFBC}") = "SOHBicycleRealTimeBox", "SOHBicycleRealTimeBox\SOHBicycleRealTimeBox.csproj", "{40D4A608-D3F7-4137-84AC-9EA53D8EF96E}"
EndProject
Project("{FAE04EC0-301F-11D3-BF4B-00C04F79EFBC}") = "SOHBusBox", "SOHBusBox\SOHBusBox.csproj", "{070A0E30-E7D4-4099-B897-DE203FBE981E}"
EndProject
Project("{FAE04EC0-301F-11D3-BF4B-00C04F79EFBC}") = "SOHCitizenDailyPlanBox", "SOHCitizenDailyPlanBox\SOHCitizenDailyPlanBox.csproj", "{6910E1B2-E1D7-4816-BE6E-C04A4388F321}"
EndProject
Project("{FAE04EC0-301F-11D3-BF4B-00C04F79EFBC}") = "SOHFerryTransferBox", "SOHFerryTransferBox\SOHFerryTransferBox.csproj", "{DF215922-C638-471A-B2B5-D8EF91C94676}"
EndProject
Project("{FAE04EC0-301F-11D3-BF4B-00C04F79EFBC}") = "SOHTrainBox", "SOHTrainBox\SOHTrainBox.csproj", "{A9FF79F1-8567-42D6-90EC-6175E1F7249D}"
EndProject
Project("{FAE04EC0-301F-11D3-BF4B-00C04F79EFBC}") = "SOHTravellingBox", "SOHTravellingBox\SOHTravellingBox.csproj", "{6481BB71-B8BD-40B3-A5E1-78113314003B}"
EndProject
Project("{FAE04EC0-301F-11D3-BF4B-00C04F79EFBC}") = "SOHGreen4BikesBox", "SOHGreen4BikesBox\SOHGreen4BikesBox.csproj", "{158B856D-5428-4F02-803E-4BDCB004B9FA}"
EndProject
Project("{2150E333-8FDC-42A3-9474-1A3956D46DE8}") = "Models", "Models", "{7605A7C5-DDD8-4DE6-9D16-E8B5E839481E}"
EndProject
Project("{FAE04EC0-301F-11D3-BF4B-00C04F79EFBC}") = "SOHDemonstrationBox", "SOHDemonstrationBox\SOHDemonstrationBox.csproj", "{25BD3959-D670-4F75-A797-963B8AA575D2}"
EndProject
Project("{FAE04EC0-301F-11D3-BF4B-00C04F79EFBC}") = "SOHVeddelFloodBox", "SOHVeddelFloodBox\SOHVeddelFloodBox.csproj", "{D9C01F0D-BD23-47B6-BF93-109BAFDC44C6}"
EndProject
Project("{FAE04EC0-301F-11D3-BF4B-00C04F79EFBC}") = "SOHChristmasMarketBox", "SOHChristmasMarketBox\SOHChristmasMarketBox.csproj", "{887B5EE6-566B-4843-8AB1-1F3D086F9FA8}"
EndProject
Global
	GlobalSection(SolutionConfigurationPlatforms) = preSolution
		Debug|Any CPU = Debug|Any CPU
		Full|Any CPU = Full|Any CPU
		Release|Any CPU = Release|Any CPU
	EndGlobalSection
	GlobalSection(ProjectConfigurationPlatforms) = postSolution
		{2E94544B-C35C-4988-B7CF-E1A1FF2EADF4}.Debug|Any CPU.ActiveCfg = Debug|Any CPU
		{2E94544B-C35C-4988-B7CF-E1A1FF2EADF4}.Debug|Any CPU.Build.0 = Debug|Any CPU
		{2E94544B-C35C-4988-B7CF-E1A1FF2EADF4}.Full|Any CPU.ActiveCfg = Debug|Any CPU
		{2E94544B-C35C-4988-B7CF-E1A1FF2EADF4}.Full|Any CPU.Build.0 = Debug|Any CPU
		{2E94544B-C35C-4988-B7CF-E1A1FF2EADF4}.Release|Any CPU.ActiveCfg = Release|Any CPU
		{2E94544B-C35C-4988-B7CF-E1A1FF2EADF4}.Release|Any CPU.Build.0 = Release|Any CPU
		{FA4F5EE2-FA7E-4974-9853-7207DF8F046E}.Debug|Any CPU.ActiveCfg = Debug|Any CPU
		{FA4F5EE2-FA7E-4974-9853-7207DF8F046E}.Debug|Any CPU.Build.0 = Debug|Any CPU
		{FA4F5EE2-FA7E-4974-9853-7207DF8F046E}.Full|Any CPU.ActiveCfg = Debug|Any CPU
		{FA4F5EE2-FA7E-4974-9853-7207DF8F046E}.Full|Any CPU.Build.0 = Debug|Any CPU
		{FA4F5EE2-FA7E-4974-9853-7207DF8F046E}.Release|Any CPU.ActiveCfg = Release|Any CPU
		{FA4F5EE2-FA7E-4974-9853-7207DF8F046E}.Release|Any CPU.Build.0 = Release|Any CPU
		{40D4A608-D3F7-4137-84AC-9EA53D8EF96E}.Debug|Any CPU.ActiveCfg = Debug|Any CPU
		{40D4A608-D3F7-4137-84AC-9EA53D8EF96E}.Debug|Any CPU.Build.0 = Debug|Any CPU
		{40D4A608-D3F7-4137-84AC-9EA53D8EF96E}.Full|Any CPU.ActiveCfg = Debug|Any CPU
		{40D4A608-D3F7-4137-84AC-9EA53D8EF96E}.Full|Any CPU.Build.0 = Debug|Any CPU
		{40D4A608-D3F7-4137-84AC-9EA53D8EF96E}.Release|Any CPU.ActiveCfg = Release|Any CPU
		{40D4A608-D3F7-4137-84AC-9EA53D8EF96E}.Release|Any CPU.Build.0 = Release|Any CPU
		{070A0E30-E7D4-4099-B897-DE203FBE981E}.Debug|Any CPU.ActiveCfg = Debug|Any CPU
		{070A0E30-E7D4-4099-B897-DE203FBE981E}.Debug|Any CPU.Build.0 = Debug|Any CPU
		{070A0E30-E7D4-4099-B897-DE203FBE981E}.Full|Any CPU.ActiveCfg = Debug|Any CPU
		{070A0E30-E7D4-4099-B897-DE203FBE981E}.Full|Any CPU.Build.0 = Debug|Any CPU
		{070A0E30-E7D4-4099-B897-DE203FBE981E}.Release|Any CPU.ActiveCfg = Release|Any CPU
		{070A0E30-E7D4-4099-B897-DE203FBE981E}.Release|Any CPU.Build.0 = Release|Any CPU
		{6910E1B2-E1D7-4816-BE6E-C04A4388F321}.Debug|Any CPU.ActiveCfg = Debug|Any CPU
		{6910E1B2-E1D7-4816-BE6E-C04A4388F321}.Debug|Any CPU.Build.0 = Debug|Any CPU
		{6910E1B2-E1D7-4816-BE6E-C04A4388F321}.Full|Any CPU.ActiveCfg = Debug|Any CPU
		{6910E1B2-E1D7-4816-BE6E-C04A4388F321}.Full|Any CPU.Build.0 = Debug|Any CPU
		{6910E1B2-E1D7-4816-BE6E-C04A4388F321}.Release|Any CPU.ActiveCfg = Release|Any CPU
		{6910E1B2-E1D7-4816-BE6E-C04A4388F321}.Release|Any CPU.Build.0 = Release|Any CPU
		{DF215922-C638-471A-B2B5-D8EF91C94676}.Debug|Any CPU.ActiveCfg = Debug|Any CPU
		{DF215922-C638-471A-B2B5-D8EF91C94676}.Debug|Any CPU.Build.0 = Debug|Any CPU
		{DF215922-C638-471A-B2B5-D8EF91C94676}.Full|Any CPU.ActiveCfg = Debug|Any CPU
		{DF215922-C638-471A-B2B5-D8EF91C94676}.Full|Any CPU.Build.0 = Debug|Any CPU
		{DF215922-C638-471A-B2B5-D8EF91C94676}.Release|Any CPU.ActiveCfg = Release|Any CPU
		{DF215922-C638-471A-B2B5-D8EF91C94676}.Release|Any CPU.Build.0 = Release|Any CPU
		{A9FF79F1-8567-42D6-90EC-6175E1F7249D}.Debug|Any CPU.ActiveCfg = Debug|Any CPU
		{A9FF79F1-8567-42D6-90EC-6175E1F7249D}.Debug|Any CPU.Build.0 = Debug|Any CPU
		{A9FF79F1-8567-42D6-90EC-6175E1F7249D}.Full|Any CPU.ActiveCfg = Debug|Any CPU
		{A9FF79F1-8567-42D6-90EC-6175E1F7249D}.Full|Any CPU.Build.0 = Debug|Any CPU
		{A9FF79F1-8567-42D6-90EC-6175E1F7249D}.Release|Any CPU.ActiveCfg = Release|Any CPU
		{A9FF79F1-8567-42D6-90EC-6175E1F7249D}.Release|Any CPU.Build.0 = Release|Any CPU
		{6481BB71-B8BD-40B3-A5E1-78113314003B}.Debug|Any CPU.ActiveCfg = Debug|Any CPU
		{6481BB71-B8BD-40B3-A5E1-78113314003B}.Debug|Any CPU.Build.0 = Debug|Any CPU
		{6481BB71-B8BD-40B3-A5E1-78113314003B}.Full|Any CPU.ActiveCfg = Debug|Any CPU
		{6481BB71-B8BD-40B3-A5E1-78113314003B}.Full|Any CPU.Build.0 = Debug|Any CPU
		{6481BB71-B8BD-40B3-A5E1-78113314003B}.Release|Any CPU.ActiveCfg = Release|Any CPU
		{6481BB71-B8BD-40B3-A5E1-78113314003B}.Release|Any CPU.Build.0 = Release|Any CPU
		{158B856D-5428-4F02-803E-4BDCB004B9FA}.Debug|Any CPU.ActiveCfg = Debug|Any CPU
		{158B856D-5428-4F02-803E-4BDCB004B9FA}.Debug|Any CPU.Build.0 = Debug|Any CPU
		{158B856D-5428-4F02-803E-4BDCB004B9FA}.Full|Any CPU.ActiveCfg = Debug|Any CPU
		{158B856D-5428-4F02-803E-4BDCB004B9FA}.Full|Any CPU.Build.0 = Debug|Any CPU
		{158B856D-5428-4F02-803E-4BDCB004B9FA}.Release|Any CPU.ActiveCfg = Release|Any CPU
		{158B856D-5428-4F02-803E-4BDCB004B9FA}.Release|Any CPU.Build.0 = Release|Any CPU
		{25BD3959-D670-4F75-A797-963B8AA575D2}.Debug|Any CPU.ActiveCfg = Debug|Any CPU
		{25BD3959-D670-4F75-A797-963B8AA575D2}.Debug|Any CPU.Build.0 = Debug|Any CPU
		{25BD3959-D670-4F75-A797-963B8AA575D2}.Full|Any CPU.ActiveCfg = Debug|Any CPU
		{25BD3959-D670-4F75-A797-963B8AA575D2}.Full|Any CPU.Build.0 = Debug|Any CPU
		{25BD3959-D670-4F75-A797-963B8AA575D2}.Release|Any CPU.ActiveCfg = Release|Any CPU
		{25BD3959-D670-4F75-A797-963B8AA575D2}.Release|Any CPU.Build.0 = Release|Any CPU
		{D9C01F0D-BD23-47B6-BF93-109BAFDC44C6}.Debug|Any CPU.ActiveCfg = Debug|Any CPU
		{D9C01F0D-BD23-47B6-BF93-109BAFDC44C6}.Debug|Any CPU.Build.0 = Debug|Any CPU
		{D9C01F0D-BD23-47B6-BF93-109BAFDC44C6}.Full|Any CPU.ActiveCfg = Debug|Any CPU
		{D9C01F0D-BD23-47B6-BF93-109BAFDC44C6}.Full|Any CPU.Build.0 = Debug|Any CPU
		{D9C01F0D-BD23-47B6-BF93-109BAFDC44C6}.Release|Any CPU.ActiveCfg = Release|Any CPU
		{D9C01F0D-BD23-47B6-BF93-109BAFDC44C6}.Release|Any CPU.Build.0 = Release|Any CPU
		{887B5EE6-566B-4843-8AB1-1F3D086F9FA8}.Debug|Any CPU.ActiveCfg = Debug|Any CPU
		{887B5EE6-566B-4843-8AB1-1F3D086F9FA8}.Debug|Any CPU.Build.0 = Debug|Any CPU
		{887B5EE6-566B-4843-8AB1-1F3D086F9FA8}.Full|Any CPU.ActiveCfg = Debug|Any CPU
		{887B5EE6-566B-4843-8AB1-1F3D086F9FA8}.Full|Any CPU.Build.0 = Debug|Any CPU
		{887B5EE6-566B-4843-8AB1-1F3D086F9FA8}.Release|Any CPU.ActiveCfg = Release|Any CPU
		{887B5EE6-566B-4843-8AB1-1F3D086F9FA8}.Release|Any CPU.Build.0 = Release|Any CPU
	EndGlobalSection
	GlobalSection(SolutionProperties) = preSolution
		HideSolutionNode = FALSE
	EndGlobalSection
	GlobalSection(NestedProjects) = preSolution
		{2E94544B-C35C-4988-B7CF-E1A1FF2EADF4} = {B7027C3F-ECBB-42CB-928F-F982832F9869}
		{FA4F5EE2-FA7E-4974-9853-7207DF8F046E} = {7605A7C5-DDD8-4DE6-9D16-E8B5E839481E}
	EndGlobalSection
	GlobalSection(ExtensibilityGlobals) = postSolution
		SolutionGuid = {C4F712B8-6C5C-4036-87BE-AFF59ACFC99C}
	EndGlobalSection
EndGlobal
